
Microsoft Visual Studio Solution File, Format Version 12.00
# Visual Studio Version 17
VisualStudioVersion = 17.5.33424.131
MinimumVisualStudioVersion = 10.0.40219.1
Project("{FAE04EC0-301F-11D3-BF4B-00C04F79EFBC}") = "GeneralSQLReporter", "GeneralSQLReporter.csproj", "{CE8DFA0D-D3B8-460A-BC23-9B41F02530ED}"
EndProject
Global
	GlobalSection(SolutionConfigurationPlatforms) = preSolution
		Debug|Any CPU = Debug|Any CPU
		Release|Any CPU = Release|Any CPU
	EndGlobalSection
	GlobalSection(ProjectConfigurationPlatforms) = postSolution
		{CE8DFA0D-D3B8-460A-BC23-9B41F02530ED}.Debug|Any CPU.ActiveCfg = Debug|Any CPU
		{CE8DFA0D-D3B8-460A-BC23-9B41F02530ED}.Debug|Any CPU.Build.0 = Debug|Any CPU
		{CE8DFA0D-D3B8-460A-BC23-9B41F02530ED}.Release|Any CPU.ActiveCfg = Release|Any CPU
		{CE8DFA0D-D3B8-460A-BC23-9B41F02530ED}.Release|Any CPU.Build.0 = Release|Any CPU
	EndGlobalSection
	GlobalSection(SolutionProperties) = preSolution
		HideSolutionNode = FALSE
	EndGlobalSection
	GlobalSection(ExtensibilityGlobals) = postSolution
		SolutionGuid = {FC959F04-434D-4BF5-BD04-7B8BB66292FB}
	EndGlobalSection
EndGlobal
